
Microsoft Visual Studio Solution File, Format Version 12.00
# Visual Studio 2012
Project("{FAE04EC0-301F-11D3-BF4B-00C04F79EFBC}") = "FirstXamApp", "FirstXamApp\FirstXamApp.csproj", "{F4C3D388-4405-4957-AB33-4DCE9E98F35A}"
EndProject
Project("{FAE04EC0-301F-11D3-BF4B-00C04F79EFBC}") = "FirstXamApp.iOS", "iOS\FirstXamApp.iOS.csproj", "{CB0D7222-BACB-46C8-9CD1-6BDFA0AB8D43}"
EndProject
Project("{FAE04EC0-301F-11D3-BF4B-00C04F79EFBC}") = "FirstXamApp.Droid", "Droid\FirstXamApp.Droid.csproj", "{E64EA144-F083-4C56-B5A0-4563B44A75F3}"
EndProject
Global
	GlobalSection(SolutionConfigurationPlatforms) = preSolution
		Debug|Any CPU = Debug|Any CPU
		Release|Any CPU = Release|Any CPU
		Debug|iPhoneSimulator = Debug|iPhoneSimulator
		Release|iPhone = Release|iPhone
		Release|iPhoneSimulator = Release|iPhoneSimulator
		Debug|iPhone = Debug|iPhone
	EndGlobalSection
	GlobalSection(ProjectConfigurationPlatforms) = postSolution
		{CB0D7222-BACB-46C8-9CD1-6BDFA0AB8D43}.Debug|Any CPU.ActiveCfg = Debug|iPhoneSimulator
		{CB0D7222-BACB-46C8-9CD1-6BDFA0AB8D43}.Debug|Any CPU.Build.0 = Debug|iPhoneSimulator
		{CB0D7222-BACB-46C8-9CD1-6BDFA0AB8D43}.Debug|iPhone.ActiveCfg = Debug|iPhone
		{CB0D7222-BACB-46C8-9CD1-6BDFA0AB8D43}.Debug|iPhone.Build.0 = Debug|iPhone
		{CB0D7222-BACB-46C8-9CD1-6BDFA0AB8D43}.Debug|iPhoneSimulator.ActiveCfg = Debug|iPhoneSimulator
		{CB0D7222-BACB-46C8-9CD1-6BDFA0AB8D43}.Debug|iPhoneSimulator.Build.0 = Debug|iPhoneSimulator
		{CB0D7222-BACB-46C8-9CD1-6BDFA0AB8D43}.Release|Any CPU.ActiveCfg = Release|iPhone
		{CB0D7222-BACB-46C8-9CD1-6BDFA0AB8D43}.Release|Any CPU.Build.0 = Release|iPhone
		{CB0D7222-BACB-46C8-9CD1-6BDFA0AB8D43}.Release|iPhone.ActiveCfg = Release|iPhone
		{CB0D7222-BACB-46C8-9CD1-6BDFA0AB8D43}.Release|iPhone.Build.0 = Release|iPhone
		{CB0D7222-BACB-46C8-9CD1-6BDFA0AB8D43}.Release|iPhoneSimulator.ActiveCfg = Release|iPhoneSimulator
		{CB0D7222-BACB-46C8-9CD1-6BDFA0AB8D43}.Release|iPhoneSimulator.Build.0 = Release|iPhoneSimulator
		{E64EA144-F083-4C56-B5A0-4563B44A75F3}.Debug|Any CPU.ActiveCfg = Debug|Any CPU
		{E64EA144-F083-4C56-B5A0-4563B44A75F3}.Debug|Any CPU.Build.0 = Debug|Any CPU
		{E64EA144-F083-4C56-B5A0-4563B44A75F3}.Debug|iPhone.ActiveCfg = Debug|Any CPU
		{E64EA144-F083-4C56-B5A0-4563B44A75F3}.Debug|iPhone.Build.0 = Debug|Any CPU
		{E64EA144-F083-4C56-B5A0-4563B44A75F3}.Debug|iPhoneSimulator.ActiveCfg = Debug|Any CPU
		{E64EA144-F083-4C56-B5A0-4563B44A75F3}.Debug|iPhoneSimulator.Build.0 = Debug|Any CPU
		{E64EA144-F083-4C56-B5A0-4563B44A75F3}.Release|Any CPU.ActiveCfg = Release|Any CPU
		{E64EA144-F083-4C56-B5A0-4563B44A75F3}.Release|Any CPU.Build.0 = Release|Any CPU
		{E64EA144-F083-4C56-B5A0-4563B44A75F3}.Release|iPhone.ActiveCfg = Release|Any CPU
		{E64EA144-F083-4C56-B5A0-4563B44A75F3}.Release|iPhone.Build.0 = Release|Any CPU
		{E64EA144-F083-4C56-B5A0-4563B44A75F3}.Release|iPhoneSimulator.ActiveCfg = Release|Any CPU
		{E64EA144-F083-4C56-B5A0-4563B44A75F3}.Release|iPhoneSimulator.Build.0 = Release|Any CPU
		{F4C3D388-4405-4957-AB33-4DCE9E98F35A}.Debug|Any CPU.ActiveCfg = Debug|Any CPU
		{F4C3D388-4405-4957-AB33-4DCE9E98F35A}.Debug|Any CPU.Build.0 = Debug|Any CPU
		{F4C3D388-4405-4957-AB33-4DCE9E98F35A}.Debug|iPhone.ActiveCfg = Debug|Any CPU
		{F4C3D388-4405-4957-AB33-4DCE9E98F35A}.Debug|iPhone.Build.0 = Debug|Any CPU
		{F4C3D388-4405-4957-AB33-4DCE9E98F35A}.Debug|iPhoneSimulator.ActiveCfg = Debug|Any CPU
		{F4C3D388-4405-4957-AB33-4DCE9E98F35A}.Debug|iPhoneSimulator.Build.0 = Debug|Any CPU
		{F4C3D388-4405-4957-AB33-4DCE9E98F35A}.Release|Any CPU.ActiveCfg = Release|Any CPU
		{F4C3D388-4405-4957-AB33-4DCE9E98F35A}.Release|Any CPU.Build.0 = Release|Any CPU
		{F4C3D388-4405-4957-AB33-4DCE9E98F35A}.Release|iPhone.ActiveCfg = Release|Any CPU
		{F4C3D388-4405-4957-AB33-4DCE9E98F35A}.Release|iPhone.Build.0 = Release|Any CPU
		{F4C3D388-4405-4957-AB33-4DCE9E98F35A}.Release|iPhoneSimulator.ActiveCfg = Release|Any CPU
		{F4C3D388-4405-4957-AB33-4DCE9E98F35A}.Release|iPhoneSimulator.Build.0 = Release|Any CPU
	EndGlobalSection
EndGlobal
